
Microsoft Visual Studio Solution File, Format Version 12.00
# Visual Studio 15
VisualStudioVersion = 15.0.28010.2048
MinimumVisualStudioVersion = 10.0.40219.1
Project("{FAE04EC0-301F-11D3-BF4B-00C04F79EFBC}") = "ADProject_Team10", "ADProject_Team10\ADProject_Team10.csproj", "{38F80AE9-636B-4D04-B593-E5B8A0D703C6}"
EndProject
Global
	GlobalSection(SolutionConfigurationPlatforms) = preSolution
		Debug|Any CPU = Debug|Any CPU
		Release|Any CPU = Release|Any CPU
	EndGlobalSection
	GlobalSection(ProjectConfigurationPlatforms) = postSolution
		{38F80AE9-636B-4D04-B593-E5B8A0D703C6}.Debug|Any CPU.ActiveCfg = Debug|Any CPU
		{38F80AE9-636B-4D04-B593-E5B8A0D703C6}.Debug|Any CPU.Build.0 = Debug|Any CPU
		{38F80AE9-636B-4D04-B593-E5B8A0D703C6}.Release|Any CPU.ActiveCfg = Release|Any CPU
		{38F80AE9-636B-4D04-B593-E5B8A0D703C6}.Release|Any CPU.Build.0 = Release|Any CPU
	EndGlobalSection
	GlobalSection(SolutionProperties) = preSolution
		HideSolutionNode = FALSE
	EndGlobalSection
	GlobalSection(ExtensibilityGlobals) = postSolution
		SolutionGuid = {53818515-4F89-4C7E-912B-32E5AE1E4A6E}
	EndGlobalSection
EndGlobal
